<?xml version="1.0" encoding="utf-8"?>
<Project ToolsVersion="4.0" xmlns="http://schemas.microsoft.com/developer/msbuild/2003">
  <ItemGroup>
    <Filter Include="Source Files">
      <UniqueIdentifier>{4FC737F1-C7A5-4376-A066-2A32D752A2FF}</UniqueIdentifier>
      <Extensions>cpp;c;cc;cxx;def;odl;idl;hpj;bat;asm;asmx</Extensions>
    </Filter>
    <Filter Include="Header Files">
      <UniqueIdentifier>{93995380-89BD-4b04-88EB-625FBE52EBFB}</UniqueIdentifier>
      <Extensions>h;hh;hpp;hxx;hm;inl;inc;xsd</Extensions>
    </Filter>
    <Filter Include="Resource Files">
      <UniqueIdentifier>{67DA6AB6-F800-4c08-8B7A-83BB121AAD01}</UniqueIdentifier>
      <Extensions>rc;ico;cur;bmp;dlg;rc2;rct;bin;rgs;gif;jpg;jpeg;jpe;resx;tiff;tif;png;wav;mfcribbon-ms</Extensions>
    </Filter>
    <Filter Include="lib">
      <UniqueIdentifier>{cb53b4c2-65c4-4d1b-b778-0681bb0aa522}</UniqueIdentifier>
    </Filter>
    <Filter Include="CxImage">
      <UniqueIdentifier>{474a8e8d-c73b-44d0-9e80-06fd19e36898}</UniqueIdentifier>
    </Filter>
  </ItemGroup>
  <ItemGroup>
    <Text Include="ReadMe.txt" />
  </ItemGroup>
  <ItemGroup>
    <ClCompile Include="stdafx.cpp">
      <Filter>Source Files</Filter>
    </ClCompile>
    <ClCompile Include="SetupWnd.cpp">
      <Filter>Source Files</Filter>
    </ClCompile>
    <ClCompile Include="Rule_PrintScreen.cpp">
      <Filter>Source Files</Filter>
    </ClCompile>
    <ClCompile Include="Control.cpp">
      <Filter>Source Files</Filter>
    </ClCompile>
    <ClCompile Include="ExecProcess.cpp">
      <Filter>Source Files</Filter>
    </ClCompile>
  </ItemGroup>
  <ItemGroup>
    <ClInclude Include="stdafx.h">
      <Filter>Header Files</Filter>
    </ClInclude>
    <ClInclude Include="targetver.h">
      <Filter>Header Files</Filter>
    </ClInclude>
    <ClInclude Include="Resource.h">
      <Filter>Header Files</Filter>
    </ClInclude>
    <ClInclude Include="SetupWnd.h">
      <Filter>Header Files</Filter>
    </ClInclude>
    <ClInclude Include="Rule_PrintScreen.h">
      <Filter>Header Files</Filter>
    </ClInclude>
    <ClInclude Include="Control.h">
      <Filter>Header Files</Filter>
    </ClInclude>
    <ClInclude Include="ExecProcess.h">
      <Filter>Header Files</Filter>
    </ClInclude>
    <ClInclude Include="aviUtil.h">
      <Filter>Header Files</Filter>
    </ClInclude>
    <ClInclude Include="CxImage\xfile.h">
      <Filter>CxImage</Filter>
    </ClInclude>
    <ClInclude Include="CxImage\ximacfg.h">
      <Filter>CxImage</Filter>
    </ClInclude>
    <ClInclude Include="CxImage\ximadef.h">
      <Filter>CxImage</Filter>
    </ClInclude>
    <ClInclude Include="CxImage\ximage.h">
      <Filter>CxImage</Filter>
    </ClInclude>
    <ClInclude Include="CxImage\xiofile.h">
      <Filter>CxImage</Filter>
    </ClInclude>
    <ClInclude Include="CxImage\xmemfile.h">
      <Filter>CxImage</Filter>
    </ClInclude>
  </ItemGroup>
  <ItemGroup>
    <None Include="Rule_PrintScreen.def">
      <Filter>Source Files</Filter>
    </None>
    <None Include="res\Rule_PrintScreen.rc2">
      <Filter>Resource Files</Filter>
    </None>
  </ItemGroup>
  <ItemGroup>
    <ResourceCompile Include="Rule_PrintScreen.rc">
      <Filter>Resource Files</Filter>
    </ResourceCompile>
  </ItemGroup>
  <ItemGroup>
    <Library Include="lib\cximage.lib">
      <Filter>lib</Filter>
    </Library>
    <Library Include="lib\Jpeg.lib">
      <Filter>lib</Filter>
    </Library>
  </ItemGroup>
</Project>